{
    "dbrekelmans/bdi": {
        "version": "0.3"
    },
    "doctrine/data-fixtures": {
        "version": "1.5.0"
    },
    "doctrine/doctrine-fixtures-bundle": {
        "version": "3.0",
        "recipe": {
            "repo": "github.com/symfony/recipes",
            "branch": "master",
            "version": "3.0",
            "ref": "e5b542d4ef47d8a003c91beb35650c76907f7e53"
        },
        "files": [
            "src/DataFixtures/AppFixtures.php"
        ]
    },
    "egulias/email-validator": {
        "version": "3.1.1"
    },
    "friendsoftwig/twigcs": {
        "version": "v5.0.0"
    },
    "php-webdriver/webdriver": {
        "version": "1.10.0"
    },
    "symfony/amqp-messenger": {
        "version": "v5.2.7"
    },
    "symfony/browser-kit": {
        "version": "v5.2.4"
    },
    "symfony/doctrine-messenger": {
        "version": "v5.2.7"
    },
    "symfony/dom-crawler": {
        "version": "v5.2.4"
    },
    "symfony/mailer": {
        "version": "4.3",
        "recipe": {
            "repo": "github.com/symfony/recipes",
            "branch": "master",
            "version": "4.3",
            "ref": "15658c2a0176cda2e7dba66276a2030b52bd81b2"
        },
        "files": [
            "config/packages/mailer.yaml"
        ]
    },
    "symfony/messenger": {
        "version": "4.3",
        "recipe": {
            "repo": "github.com/symfony/recipes",
            "branch": "master",
            "version": "4.3",
            "ref": "e9a414b113ceadbf4e52abe37bf8f1b443f06ccb"
        },
        "files": [
            "config/packages/messenger.yaml"
        ]
    },
    "symfony/mime": {
        "version": "v5.2.7"
    },
    "symfony/panther": {
        "version": "1.0",
        "recipe": {
            "repo": "github.com/symfony/recipes",
            "branch": "master",
            "version": "1.0",
            "ref": "93d9baa582d0a755cc9ef81bc38a921d5fa16973"
        }
    },
    "symfony/password-hasher": {
        "version": "v5.3.0"
    },
    "symfony/phpunit-bridge": {
        "version": "5.1",
        "recipe": {
            "repo": "github.com/symfony/recipes",
            "branch": "master",
            "version": "5.1",
            "ref": "bf16921ef8309a81d9f046e9b6369c46bcbd031f"
        },
        "files": [
            ".env.test",
            "bin/phpunit",
            "phpunit.xml.dist",
            "tests/bootstrap.php"
        ]
    },
    "symfony/polyfill-intl-idn": {
        "version": "v1.22.1"
    },
    "symfony/polyfill-php81": {
        "version": "v1.23.0"
    },
    "symfony/redis-messenger": {
        "version": "v5.2.7"
    },
    "symfony/validator": {
        "version": "4.3",
        "recipe": {
            "repo": "github.com/symfony/recipes",
            "branch": "master",
            "version": "4.3",
            "ref": "d902da3e4952f18d3bf05aab29512eb61cabd869"
        },
        "files": [
            "config/packages/test/validator.yaml",
            "config/packages/validator.yaml"
        ]
    },
    "twig/cssinliner-extra": {
        "version": "v3.3.0"
    },
    "twig/extra-bundle": {
        "version": "v3.3.1"
    }
}
